
Microsoft Visual Studio Solution File, Format Version 12.00
# Visual Studio 14
VisualStudioVersion = 14.0.25123.0
MinimumVisualStudioVersion = 10.0.40219.1
Project("{FAE04EC0-301F-11D3-BF4B-00C04F79EFBC}") = "JPFinancial", "JPFinancial\JPFinancial.csproj", "{44026137-4C42-4F3D-B27F-E72DD08E88F4}"
EndProject
Project("{FAE04EC0-301F-11D3-BF4B-00C04F79EFBC}") = "JPFinancial.Tests", "JPFinancial.Tests\JPFinancial.Tests.csproj", "{78FCFA50-6403-4B1B-A04E-E387B89A3CE9}"
EndProject
Project("{2150E333-8FDC-42A3-9474-1A3956D46DE8}") = "PublishScripts", "PublishScripts", "{72F233A0-DADC-4898-BB46-1768E226016F}"
EndProject
Project("{2150E333-8FDC-42A3-9474-1A3956D46DE8}") = "Scripts", "Scripts", "{D85AFC92-A7B3-4C46-ABDA-2138E225AB2A}"
	ProjectSection(SolutionItems) = preProject
		PublishScripts\Scripts\Deploy-AzureResourceGroup.ps1 = PublishScripts\Scripts\Deploy-AzureResourceGroup.ps1
	EndProjectSection
EndProject
Project("{2150E333-8FDC-42A3-9474-1A3956D46DE8}") = "Templates", "Templates", "{F579CE05-B83B-42C6-9CF5-4DF609CDA7D4}"
	ProjectSection(SolutionItems) = preProject
		PublishScripts\Templates\JPFinancial.json = PublishScripts\Templates\JPFinancial.json
		PublishScripts\Templates\JPFinancial.param.dev.json = PublishScripts\Templates\JPFinancial.param.dev.json
	EndProjectSection
EndProject
Project("{FAE04EC0-301F-11D3-BF4B-00C04F79EFBC}") = "JPFinancial.Entities", "JPFinancial.Entities\JPFinancial.Entities.csproj", "{54C6E118-6494-4395-AEF0-B77CE523791D}"
EndProject
Global
	GlobalSection(SolutionConfigurationPlatforms) = preSolution
		Debug|Any CPU = Debug|Any CPU
		Release|Any CPU = Release|Any CPU
	EndGlobalSection
	GlobalSection(ProjectConfigurationPlatforms) = postSolution
		{44026137-4C42-4F3D-B27F-E72DD08E88F4}.Debug|Any CPU.ActiveCfg = Debug|Any CPU
		{44026137-4C42-4F3D-B27F-E72DD08E88F4}.Debug|Any CPU.Build.0 = Debug|Any CPU
		{44026137-4C42-4F3D-B27F-E72DD08E88F4}.Release|Any CPU.ActiveCfg = Release|Any CPU
		{44026137-4C42-4F3D-B27F-E72DD08E88F4}.Release|Any CPU.Build.0 = Release|Any CPU
		{78FCFA50-6403-4B1B-A04E-E387B89A3CE9}.Debug|Any CPU.ActiveCfg = Debug|Any CPU
		{78FCFA50-6403-4B1B-A04E-E387B89A3CE9}.Debug|Any CPU.Build.0 = Debug|Any CPU
		{78FCFA50-6403-4B1B-A04E-E387B89A3CE9}.Release|Any CPU.ActiveCfg = Release|Any CPU
		{78FCFA50-6403-4B1B-A04E-E387B89A3CE9}.Release|Any CPU.Build.0 = Release|Any CPU
		{54C6E118-6494-4395-AEF0-B77CE523791D}.Debug|Any CPU.ActiveCfg = Debug|Any CPU
		{54C6E118-6494-4395-AEF0-B77CE523791D}.Debug|Any CPU.Build.0 = Debug|Any CPU
		{54C6E118-6494-4395-AEF0-B77CE523791D}.Release|Any CPU.ActiveCfg = Release|Any CPU
		{54C6E118-6494-4395-AEF0-B77CE523791D}.Release|Any CPU.Build.0 = Release|Any CPU
	EndGlobalSection
	GlobalSection(SolutionProperties) = preSolution
		HideSolutionNode = FALSE
	EndGlobalSection
	GlobalSection(NestedProjects) = preSolution
		{D85AFC92-A7B3-4C46-ABDA-2138E225AB2A} = {72F233A0-DADC-4898-BB46-1768E226016F}
		{F579CE05-B83B-42C6-9CF5-4DF609CDA7D4} = {72F233A0-DADC-4898-BB46-1768E226016F}
	EndGlobalSection
EndGlobal
